// !$*UTF8*$!
{
	archiveVersion = 1;
	classes = {
	};
	objectVersion = 50;
	objects = {

/* Begin PBXBuildFile section */
		0402D9F421D0B1A50014C2D2 /* HYA9GJM.TTF in Resources */ = {isa = PBXBuildFile; fileRef = 0402D9F221D0B1920014C2D2 /* HYA9GJM.TTF */; };
		04F4318621CE342900DAA0E8 /* AppDelegate.swift in Sources */ = {isa = PBXBuildFile; fileRef = 04F4318521CE342900DAA0E8 /* AppDelegate.swift */; };
		04F4318821CE342900DAA0E8 /* art.scnassets in Resources */ = {isa = PBXBuildFile; fileRef = 04F4318721CE342900DAA0E8 /* art.scnassets */; };
		04F4318A21CE342900DAA0E8 /* ViewController.swift in Sources */ = {isa = PBXBuildFile; fileRef = 04F4318921CE342900DAA0E8 /* ViewController.swift */; };
		04F4318D21CE342900DAA0E8 /* Main.storyboard in Resources */ = {isa = PBXBuildFile; fileRef = 04F4318B21CE342900DAA0E8 /* Main.storyboard */; };
		04F4318F21CE342E00DAA0E8 /* Assets.xcassets in Resources */ = {isa = PBXBuildFile; fileRef = 04F4318E21CE342E00DAA0E8 /* Assets.xcassets */; };
		04F4319221CE342E00DAA0E8 /* LaunchScreen.storyboard in Resources */ = {isa = PBXBuildFile; fileRef = 04F4319021CE342E00DAA0E8 /* LaunchScreen.storyboard */; };
		04F4319E21CE4D2500DAA0E8 /* test.OTF in Resources */ = {isa = PBXBuildFile; fileRef = 04F4319A21CE4A9400DAA0E8 /* test.OTF */; };
		04F431A121CE4E1B00DAA0E8 /* JXK.ttf in Resources */ = {isa = PBXBuildFile; fileRef = 04F4319921CE45FA00DAA0E8 /* JXK.ttf */; };
/* End PBXBuildFile section */

/* Begin PBXFileReference section */
		0402D9F221D0B1920014C2D2 /* HYA9GJM.TTF */ = {isa = PBXFileReference; lastKnownFileType = file; path = HYA9GJM.TTF; sourceTree = "<group>"; };
		04F4318221CE342900DAA0E8 /* ChineseCharactersAR.app */ = {isa = PBXFileReference; explicitFileType = wrapper.application; includeInIndex = 0; path = ChineseCharactersAR.app; sourceTree = BUILT_PRODUCTS_DIR; };
		04F4318521CE342900DAA0E8 /* AppDelegate.swift */ = {isa = PBXFileReference; lastKnownFileType = sourcecode.swift; path = AppDelegate.swift; sourceTree = "<group>"; };
		04F4318721CE342900DAA0E8 /* art.scnassets */ = {isa = PBXFileReference; lastKnownFileType = wrapper.scnassets; path = art.scnassets; sourceTree = "<group>"; };
		04F4318921CE342900DAA0E8 /* ViewController.swift */ = {isa = PBXFileReference; lastKnownFileType = sourcecode.swift; path = ViewController.swift; sourceTree = "<group>"; };
		04F4318C21CE342900DAA0E8 /* Base */ = {isa = PBXFileReference; lastKnownFileType = file.storyboard; name = Base; path = Base.lproj/Main.storyboard; sourceTree = "<group>"; };
		04F4318E21CE342E00DAA0E8 /* Assets.xcassets */ = {isa = PBXFileReference; lastKnownFileType = folder.assetcatalog; path = Assets.xcassets; sourceTree = "<group>"; };
		04F4319121CE342E00DAA0E8 /* Base */ = {isa = PBXFileReference; lastKnownFileType = file.storyboard; name = Base; path = Base.lproj/LaunchScreen.storyboard; sourceTree = "<group>"; };
		04F4319321CE342E00DAA0E8 /* Info.plist */ = {isa = PBXFileReference; lastKnownFileType = text.plist.xml; path = Info.plist; sourceTree = "<group>"; };
		04F4319921CE45FA00DAA0E8 /* JXK.ttf */ = {isa = PBXFileReference; lastKnownFileType = file; path = JXK.ttf; sourceTree = "<group>"; };
		04F4319A21CE4A9400DAA0E8 /* test.OTF */ = {isa = PBXFileReference; lastKnownFileType = file; path = test.OTF; sourceTree = "<group>"; };
/* End PBXFileReference section */

/* Begin PBXFrameworksBuildPhase section */
		04F4317F21CE342900DAA0E8 /* Frameworks */ = {
			isa = PBXFrameworksBuildPhase;
			buildActionMask = 2147483647;
			files = (
			);
			runOnlyForDeploymentPostprocessing = 0;
		};
/* End PBXFrameworksBuildPhase section */

/* Begin PBXGroup section */
		04F4317921CE342900DAA0E8 = {
			isa = PBXGroup;
			children = (
				04F4318421CE342900DAA0E8 /* ChineseCharactersAR */,
				04F4318321CE342900DAA0E8 /* Products */,
			);
			sourceTree = "<group>";
		};
		04F4318321CE342900DAA0E8 /* Products */ = {
			isa = PBXGroup;
			children = (
				04F4318221CE342900DAA0E8 /* ChineseCharactersAR.app */,
			);
			name = Products;
			sourceTree = "<group>";
		};
		04F4318421CE342900DAA0E8 /* ChineseCharactersAR */ = {
			isa = PBXGroup;
			children = (
				04F4318521CE342900DAA0E8 /* AppDelegate.swift */,
				04F4319A21CE4A9400DAA0E8 /* test.OTF */,
				0402D9F221D0B1920014C2D2 /* HYA9GJM.TTF */,
				04F4319921CE45FA00DAA0E8 /* JXK.ttf */,
				04F4318721CE342900DAA0E8 /* art.scnassets */,
				04F4318921CE342900DAA0E8 /* ViewController.swift */,
				04F4318B21CE342900DAA0E8 /* Main.storyboard */,
				04F4318E21CE342E00DAA0E8 /* Assets.xcassets */,
				04F4319021CE342E00DAA0E8 /* LaunchScreen.storyboard */,
				04F4319321CE342E00DAA0E8 /* Info.plist */,
			);
			path = ChineseCharactersAR;
			sourceTree = "<group>";
		};
/* End PBXGroup section */

/* Begin PBXNativeTarget section */
		04F4318121CE342900DAA0E8 /* ChineseCharactersAR */ = {
			isa = PBXNativeTarget;
			buildConfigurationList = 04F4319621CE342E00DAA0E8 /* Build configuration list for PBXNativeTarget "ChineseCharactersAR" */;
			buildPhases = (
				04F4317E21CE342900DAA0E8 /* Sources */,
				04F4317F21CE342900DAA0E8 /* Frameworks */,
				04F4318021CE342900DAA0E8 /* Resources */,
			);
			buildRules = (
			);
			dependencies = (
			);
			name = ChineseCharactersAR;
			productName = ChineseCharactersAR;
			productReference = 04F4318221CE342900DAA0E8 /* ChineseCharactersAR.app */;
			productType = "com.apple.product-type.application";
		};
/* End PBXNativeTarget section */

/* Begin PBXProject section */
		04F4317A21CE342900DAA0E8 /* Project object */ = {
			isa = PBXProject;
			attributes = {
				LastSwiftUpdateCheck = 1010;
				LastUpgradeCheck = 1010;
				ORGANIZATIONNAME = JessicaFuMac;
				TargetAttributes = {
					04F4318121CE342900DAA0E8 = {
						CreatedOnToolsVersion = 10.1;
					};
				};
			};
			buildConfigurationList = 04F4317D21CE342900DAA0E8 /* Build configuration list for PBXProject "ChineseCharactersAR" */;
			compatibilityVersion = "Xcode 9.3";
			developmentRegion = en;
			hasScannedForEncodings = 0;
			knownRegions = (
				en,
				Base,
			);
			mainGroup = 04F4317921CE342900DAA0E8;
			productRefGroup = 04F4318321CE342900DAA0E8 /* Products */;
			projectDirPath = "";
			projectRoot = "";
			targets = (
				04F4318121CE342900DAA0E8 /* ChineseCharactersAR */,
			);
		};
/* End PBXProject section */

/* Begin PBXResourcesBuildPhase section */
		04F4318021CE342900DAA0E8 /* Resources */ = {
			isa = PBXResourcesBuildPhase;
			buildActionMask = 2147483647;
			files = (
				04F431A121CE4E1B00DAA0E8 /* JXK.ttf in Resources */,
				0402D9F421D0B1A50014C2D2 /* HYA9GJM.TTF in Resources */,
				04F4318821CE342900DAA0E8 /* art.scnassets in Resources */,
				04F4319221CE342E00DAA0E8 /* LaunchScreen.storyboard in Resources */,
				04F4319E21CE4D2500DAA0E8 /* test.OTF in Resources */,
				04F4318F21CE342E00DAA0E8 /* Assets.xcassets in Resources */,
				04F4318D21CE342900DAA0E8 /* Main.storyboard in Resources */,
			);
			runOnlyForDeploymentPostprocessing = 0;
		};
/* End PBXResourcesBuildPhase section */

/* Begin PBXSourcesBuildPhase section */
		04F4317E21CE342900DAA0E8 /* Sources */ = {
			isa = PBXSourcesBuildPhase;
			buildActionMask = 2147483647;
			files = (
				04F4318A21CE342900DAA0E8 /* ViewController.swift in Sources */,
				04F4318621CE342900DAA0E8 /* AppDelegate.swift in Sources */,
			);
			runOnlyForDeploymentPostprocessing = 0;
		};
/* End PBXSourcesBuildPhase section */

/* Begin PBXVariantGroup section */
		04F4318B21CE342900DAA0E8 /* Main.storyboard */ = {
			isa = PBXVariantGroup;
			children = (
				04F4318C21CE342900DAA0E8 /* Base */,
			);
			name = Main.storyboard;
			sourceTree = "<group>";
		};
		04F4319021CE342E00DAA0E8 /* LaunchScreen.storyboard */ = {
			isa = PBXVariantGroup;
			children = (
				04F4319121CE342E00DAA0E8 /* Base */,
			);
			name = LaunchScreen.storyboard;
			sourceTree = "<group>";
		};
/* End PBXVariantGroup section */

/* Begin XCBuildConfiguration section */
		04F4319421CE342E00DAA0E8 /* Debug */ = {
			isa = XCBuildConfiguration;
			buildSettings = {
				ALWAYS_SEARCH_USER_PATHS = NO;
				CLANG_ANALYZER_NONNULL = YES;
				CLANG_ANALYZER_NUMBER_OBJECT_CONVERSION = YES_AGGRESSIVE;
				CLANG_CXX_LANGUAGE_STANDARD = "gnu++14";
				CLANG_CXX_LIBRARY = "libc++";
				CLANG_ENABLE_MODULES = YES;
				CLANG_ENABLE_OBJC_ARC = YES;
				CLANG_ENABLE_OBJC_WEAK = YES;
				CLANG_WARN_BLOCK_CAPTURE_AUTORELEASING = YES;
				CLANG_WARN_BOOL_CONVERSION = YES;
				CLANG_WARN_COMMA = YES;
				CLANG_WARN_CONSTANT_CONVERSION = YES;
				CLANG_WARN_DEPRECATED_OBJC_IMPLEMENTATIONS = YES;
				CLANG_WARN_DIRECT_OBJC_ISA_USAGE = YES_ERROR;
				CLANG_WARN_DOCUMENTATION_COMMENTS = YES;
				CLANG_WARN_EMPTY_BODY = YES;
				CLANG_WARN_ENUM_CONVERSION = YES;
				CLANG_WARN_INFINITE_RECURSION = YES;
				CLANG_WARN_INT_CONVERSION = YES;
				CLANG_WARN_NON_LITERAL_NULL_CONVERSION = YES;
				CLANG_WARN_OBJC_IMPLICIT_RETAIN_SELF = YES;
				CLANG_WARN_OBJC_LITERAL_CONVERSION = YES;
				CLANG_WARN_OBJC_ROOT_CLASS = YES_ERROR;
				CLANG_WARN_RANGE_LOOP_ANALYSIS = YES;
				CLANG_WARN_STRICT_PROTOTYPES = YES;
				CLANG_WARN_SUSPICIOUS_MOVE = YES;
				CLANG_WARN_UNGUARDED_AVAILABILITY = YES_AGGRESSIVE;
				CLANG_WARN_UNREACHABLE_CODE = YES;
				CLANG_WARN__DUPLICATE_METHOD_MATCH = YES;
				CODE_SIGN_IDENTITY = "iPhone Developer";
				COPY_PHASE_STRIP = NO;
				DEBUG_INFORMATION_FORMAT = dwarf;
				ENABLE_STRICT_OBJC_MSGSEND = YES;
				ENABLE_TESTABILITY = YES;
				GCC_C_LANGUAGE_STANDARD = gnu11;
				GCC_DYNAMIC_NO_PIC = NO;
				GCC_NO_COMMON_BLOCKS = YES;
				GCC_OPTIMIZATION_LEVEL = 0;
				GCC_PREPROCESSOR_DEFINITIONS = (
					"DEBUG=1",
					"$(inherited)",
				);
				GCC_WARN_64_TO_32_BIT_CONVERSION = YES;
				GCC_WARN_ABOUT_RETURN_TYPE = YES_ERROR;
				GCC_WARN_UNDECLARED_SELECTOR = YES;
				GCC_WARN_UNINITIALIZED_AUTOS = YES_AGGRESSIVE;
				GCC_WARN_UNUSED_FUNCTION = YES;
				GCC_WARN_UNUSED_VARIABLE = YES;
				IPHONEOS_DEPLOYMENT_TARGET = 12.1;
				MTL_ENABLE_DEBUG_INFO = INCLUDE_SOURCE;
				MTL_FAST_MATH = YES;
				ONLY_ACTIVE_ARCH = YES;
				SDKROOT = iphoneos;
				SWIFT_ACTIVE_COMPILATION_CONDITIONS = DEBUG;
				SWIFT_OPTIMIZATION_LEVEL = "-Onone";
			};
			name = Debug;
		};
		04F4319521CE342E00DAA0E8 /* Release */ = {
			isa = XCBuildConfiguration;
			buildSettings = {
				ALWAYS_SEARCH_USER_PATHS = NO;
				CLANG_ANALYZER_NONNULL = YES;
				CLANG_ANALYZER_NUMBER_OBJECT_CONVERSION = YES_AGGRESSIVE;
				CLANG_CXX_LANGUAGE_STANDARD = "gnu++14";
				CLANG_CXX_LIBRARY = "libc++";
				CLANG_ENABLE_MODULES = YES;
				CLANG_ENABLE_OBJC_ARC = YES;
				CLANG_ENABLE_OBJC_WEAK = YES;
				CLANG_WARN_BLOCK_CAPTURE_AUTORELEASING = YES;
				CLANG_WARN_BOOL_CONVERSION = YES;
				CLANG_WARN_COMMA = YES;
				CLANG_WARN_CONSTANT_CONVERSION = YES;
				CLANG_WARN_DEPRECATED_OBJC_IMPLEMENTATIONS = YES;
				CLANG_WARN_DIRECT_OBJC_ISA_USAGE = YES_ERROR;
				CLANG_WARN_DOCUMENTATION_COMMENTS = YES;
				CLANG_WARN_EMPTY_BODY = YES;
				CLANG_WARN_ENUM_CONVERSION = YES;
				CLANG_WARN_INFINITE_RECURSION = YES;
				CLANG_WARN_INT_CONVERSION = YES;
				CLANG_WARN_NON_LITERAL_NULL_CONVERSION = YES;
				CLANG_WARN_OBJC_IMPLICIT_RETAIN_SELF = YES;
				CLANG_WARN_OBJC_LITERAL_CONVERSION = YES;
				CLANG_WARN_OBJC_ROOT_CLASS = YES_ERROR;
				CLANG_WARN_RANGE_LOOP_ANALYSIS = YES;
				CLANG_WARN_STRICT_PROTOTYPES = YES;
				CLANG_WARN_SUSPICIOUS_MOVE = YES;
				CLANG_WARN_UNGUARDED_AVAILABILITY = YES_AGGRESSIVE;
				CLANG_WARN_UNREACHABLE_CODE = YES;
				CLANG_WARN__DUPLICATE_METHOD_MATCH = YES;
				CODE_SIGN_IDENTITY = "iPhone Developer";
				COPY_PHASE_STRIP = NO;
				DEBUG_INFORMATION_FORMAT = "dwarf-with-dsym";
				ENABLE_NS_ASSERTIONS = NO;
				ENABLE_STRICT_OBJC_MSGSEND = YES;
				GCC_C_LANGUAGE_STANDARD = gnu11;
				GCC_NO_COMMON_BLOCKS = YES;
				GCC_WARN_64_TO_32_BIT_CONVERSION = YES;
				GCC_WARN_ABOUT_RETURN_TYPE = YES_ERROR;
				GCC_WARN_UNDECLARED_SELECTOR = YES;
				GCC_WARN_UNINITIALIZED_AUTOS = YES_AGGRESSIVE;
				GCC_WARN_UNUSED_FUNCTION = YES;
				GCC_WARN_UNUSED_VARIABLE = YES;
				IPHONEOS_DEPLOYMENT_TARGET = 12.1;
				MTL_ENABLE_DEBUG_INFO = NO;
				MTL_FAST_MATH = YES;
				SDKROOT = iphoneos;
				SWIFT_COMPILATION_MODE = wholemodule;
				SWIFT_OPTIMIZATION_LEVEL = "-O";
				VALIDATE_PRODUCT = YES;
			};
			name = Release;
		};
		04F4319721CE342E00DAA0E8 /* Debug */ = {
			isa = XCBuildConfiguration;
			buildSettings = {
				ASSETCATALOG_COMPILER_APPICON_NAME = AppIcon;
				CODE_SIGN_STYLE = Automatic;
				DEVELOPMENT_TEAM = HJ5UC65UUT;
				INFOPLIST_FILE = ChineseCharactersAR/Info.plist;
				LD_RUNPATH_SEARCH_PATHS = (
					"$(inherited)",
					"@executable_path/Frameworks",
				);
				PRODUCT_BUNDLE_IDENTIFIER = jiachenfu.cn.ChineseCharactersAR;
				PRODUCT_NAME = "$(TARGET_NAME)";
				SWIFT_VERSION = 4.2;
				TARGETED_DEVICE_FAMILY = "1,2";
			};
			name = Debug;
		};
		04F4319821CE342E00DAA0E8 /* Release */ = {
			isa = XCBuildConfiguration;
			buildSettings = {
				ASSETCATALOG_COMPILER_APPICON_NAME = AppIcon;
				CODE_SIGN_STYLE = Automatic;
				DEVELOPMENT_TEAM = HJ5UC65UUT;
				INFOPLIST_FILE = ChineseCharactersAR/Info.plist;
				LD_RUNPATH_SEARCH_PATHS = (
					"$(inherited)",
					"@executable_path/Frameworks",
				);
				PRODUCT_BUNDLE_IDENTIFIER = jiachenfu.cn.ChineseCharactersAR;
				PRODUCT_NAME = "$(TARGET_NAME)";
				SWIFT_VERSION = 4.2;
				TARGETED_DEVICE_FAMILY = "1,2";
			};
			name = Release;
		};
/* End XCBuildConfiguration section */

/* Begin XCConfigurationList section */
		04F4317D21CE342900DAA0E8 /* Build configuration list for PBXProject "ChineseCharactersAR" */ = {
			isa = XCConfigurationList;
			buildConfigurations = (
				04F4319421CE342E00DAA0E8 /* Debug */,
				04F4319521CE342E00DAA0E8 /* Release */,
			);
			defaultConfigurationIsVisible = 0;
			defaultConfigurationName = Release;
		};
		04F4319621CE342E00DAA0E8 /* Build configuration list for PBXNativeTarget "ChineseCharactersAR" */ = {
			isa = XCConfigurationList;
			buildConfigurations = (
				04F4319721CE342E00DAA0E8 /* Debug */,
				04F4319821CE342E00DAA0E8 /* Release */,
			);
			defaultConfigurationIsVisible = 0;
			defaultConfigurationName = Release;
		};
/* End XCConfigurationList section */
	};
	rootObject = 04F4317A21CE342900DAA0E8 /* Project object */;
}
